
Microsoft Visual Studio Solution File, Format Version 12.00
# Visual Studio Version 17
VisualStudioVersion = 17.14.36127.28
MinimumVisualStudioVersion = 10.0.40219.1
Project("{FAE04EC0-301F-11D3-BF4B-00C04F79EFBC}") = "Projeto.Renda.Variavel.WebApi", "Projeto.Renda.Variavel.WebApi\Projeto.Renda.Variavel.WebApi.csproj", "{6EA80340-E186-4623-90A5-15B716043E7B}"
EndProject
Project("{2150E333-8FDC-42A3-9474-1A3956D46DE8}") = "Itens de Solução", "Itens de Solução", "{380A7511-A354-6D7A-0CC0-8FA1F1BA7B6C}"
	ProjectSection(SolutionItems) = preProject
		.gitignore = .gitignore
		docker-compose.yml = docker-compose.yml
	EndProjectSection
EndProject
Project("{2150E333-8FDC-42A3-9474-1A3956D46DE8}") = "src", "src", "{02EA681E-C7D8-13C7-8484-4AC65E1B71E8}"
EndProject
Project("{FAE04EC0-301F-11D3-BF4B-00C04F79EFBC}") = "Application", "Application\Application.csproj", "{28E9AE41-EB24-4B75-AC99-91AE1ED9B55C}"
EndProject
Project("{FAE04EC0-301F-11D3-BF4B-00C04F79EFBC}") = "Domain", "Domain\Domain.csproj", "{96FB5F39-8E42-44D6-B95E-C60504BD3BBF}"
EndProject
Project("{2150E333-8FDC-42A3-9474-1A3956D46DE8}") = "init-sql", "init-sql", "{45662260-381C-4377-B787-2EDEF7CFC344}"
	ProjectSection(SolutionItems) = preProject
		init.sql = init.sql
	EndProjectSection
EndProject
Project("{FAE04EC0-301F-11D3-BF4B-00C04F79EFBC}") = "UnitTests", "UnitTests\UnitTests.csproj", "{DAA1394F-764C-4DFD-B0D7-0283A38AD944}"
EndProject
Project("{FAE04EC0-301F-11D3-BF4B-00C04F79EFBC}") = "Quotes.Consumer", "Quotes.Consumer\Quotes.Consumer.csproj", "{0C80A53D-1905-4115-8798-EC648B27415B}"
EndProject
Project("{FAE04EC0-301F-11D3-BF4B-00C04F79EFBC}") = "Infrastructure.MySql", "Infrastructure.MySql\Infrastructure.MySql.csproj", "{0C07FB34-D117-BD16-800B-4DE6D2C57849}"
EndProject
Project("{2150E333-8FDC-42A3-9474-1A3956D46DE8}") = "script", "script", "{8DD4EA53-943F-431C-BC78-F9C735DB4E5B}"
EndProject
Project("{2150E333-8FDC-42A3-9474-1A3956D46DE8}") = "select-operations", "select-operations", "{8A27ACEA-05C0-42D9-BEDE-285E5BEF1075}"
	ProjectSection(SolutionItems) = preProject
		select-operations.sql = select-operations.sql
	EndProjectSection
EndProject
Project("{2150E333-8FDC-42A3-9474-1A3956D46DE8}") = "update-position", "update-position", "{8EABB46C-043C-4484-9928-1D48F2229DDC}"
	ProjectSection(SolutionItems) = preProject
		update-position.sql = update-position.sql
	EndProjectSection
EndProject
Global
	GlobalSection(SolutionConfigurationPlatforms) = preSolution
		Debug|Any CPU = Debug|Any CPU
		Release|Any CPU = Release|Any CPU
	EndGlobalSection
	GlobalSection(ProjectConfigurationPlatforms) = postSolution
		{6EA80340-E186-4623-90A5-15B716043E7B}.Debug|Any CPU.ActiveCfg = Debug|Any CPU
		{6EA80340-E186-4623-90A5-15B716043E7B}.Debug|Any CPU.Build.0 = Debug|Any CPU
		{6EA80340-E186-4623-90A5-15B716043E7B}.Release|Any CPU.ActiveCfg = Release|Any CPU
		{6EA80340-E186-4623-90A5-15B716043E7B}.Release|Any CPU.Build.0 = Release|Any CPU
		{28E9AE41-EB24-4B75-AC99-91AE1ED9B55C}.Debug|Any CPU.ActiveCfg = Debug|Any CPU
		{28E9AE41-EB24-4B75-AC99-91AE1ED9B55C}.Debug|Any CPU.Build.0 = Debug|Any CPU
		{28E9AE41-EB24-4B75-AC99-91AE1ED9B55C}.Release|Any CPU.ActiveCfg = Release|Any CPU
		{28E9AE41-EB24-4B75-AC99-91AE1ED9B55C}.Release|Any CPU.Build.0 = Release|Any CPU
		{96FB5F39-8E42-44D6-B95E-C60504BD3BBF}.Debug|Any CPU.ActiveCfg = Debug|Any CPU
		{96FB5F39-8E42-44D6-B95E-C60504BD3BBF}.Debug|Any CPU.Build.0 = Debug|Any CPU
		{96FB5F39-8E42-44D6-B95E-C60504BD3BBF}.Release|Any CPU.ActiveCfg = Release|Any CPU
		{96FB5F39-8E42-44D6-B95E-C60504BD3BBF}.Release|Any CPU.Build.0 = Release|Any CPU
		{DAA1394F-764C-4DFD-B0D7-0283A38AD944}.Debug|Any CPU.ActiveCfg = Debug|Any CPU
		{DAA1394F-764C-4DFD-B0D7-0283A38AD944}.Debug|Any CPU.Build.0 = Debug|Any CPU
		{DAA1394F-764C-4DFD-B0D7-0283A38AD944}.Release|Any CPU.ActiveCfg = Release|Any CPU
		{DAA1394F-764C-4DFD-B0D7-0283A38AD944}.Release|Any CPU.Build.0 = Release|Any CPU
		{0C80A53D-1905-4115-8798-EC648B27415B}.Debug|Any CPU.ActiveCfg = Debug|Any CPU
		{0C80A53D-1905-4115-8798-EC648B27415B}.Debug|Any CPU.Build.0 = Debug|Any CPU
		{0C80A53D-1905-4115-8798-EC648B27415B}.Release|Any CPU.ActiveCfg = Release|Any CPU
		{0C80A53D-1905-4115-8798-EC648B27415B}.Release|Any CPU.Build.0 = Release|Any CPU
		{0C07FB34-D117-BD16-800B-4DE6D2C57849}.Debug|Any CPU.ActiveCfg = Debug|Any CPU
		{0C07FB34-D117-BD16-800B-4DE6D2C57849}.Debug|Any CPU.Build.0 = Debug|Any CPU
		{0C07FB34-D117-BD16-800B-4DE6D2C57849}.Release|Any CPU.ActiveCfg = Release|Any CPU
		{0C07FB34-D117-BD16-800B-4DE6D2C57849}.Release|Any CPU.Build.0 = Release|Any CPU
	EndGlobalSection
	GlobalSection(SolutionProperties) = preSolution
		HideSolutionNode = FALSE
	EndGlobalSection
	GlobalSection(NestedProjects) = preSolution
		{6EA80340-E186-4623-90A5-15B716043E7B} = {02EA681E-C7D8-13C7-8484-4AC65E1B71E8}
		{28E9AE41-EB24-4B75-AC99-91AE1ED9B55C} = {02EA681E-C7D8-13C7-8484-4AC65E1B71E8}
		{96FB5F39-8E42-44D6-B95E-C60504BD3BBF} = {02EA681E-C7D8-13C7-8484-4AC65E1B71E8}
		{45662260-381C-4377-B787-2EDEF7CFC344} = {8DD4EA53-943F-431C-BC78-F9C735DB4E5B}
		{DAA1394F-764C-4DFD-B0D7-0283A38AD944} = {02EA681E-C7D8-13C7-8484-4AC65E1B71E8}
		{0C80A53D-1905-4115-8798-EC648B27415B} = {02EA681E-C7D8-13C7-8484-4AC65E1B71E8}
		{0C07FB34-D117-BD16-800B-4DE6D2C57849} = {02EA681E-C7D8-13C7-8484-4AC65E1B71E8}
		{8DD4EA53-943F-431C-BC78-F9C735DB4E5B} = {380A7511-A354-6D7A-0CC0-8FA1F1BA7B6C}
		{8A27ACEA-05C0-42D9-BEDE-285E5BEF1075} = {8DD4EA53-943F-431C-BC78-F9C735DB4E5B}
		{8EABB46C-043C-4484-9928-1D48F2229DDC} = {8DD4EA53-943F-431C-BC78-F9C735DB4E5B}
	EndGlobalSection
	GlobalSection(ExtensibilityGlobals) = postSolution
		SolutionGuid = {E789FCD0-F557-4457-84F8-3C260F0CB987}
	EndGlobalSection
EndGlobal
